// !$*UTF8*$!
{
	archiveVersion = 1;
	classes = {
	};
	objectVersion = 50;
	objects = {

/* Begin PBXBuildFile section */
		1819CC7722CA31AC00FB6F59 /* Docs.rtf in Resources */ = {isa = PBXBuildFile; fileRef = 1819CC7622CA31AC00FB6F59 /* Docs.rtf */; };
		181D358C22CA1FE600D9411E /* AppDelegate.swift in Sources */ = {isa = PBXBuildFile; fileRef = 181D358B22CA1FE600D9411E /* AppDelegate.swift */; };
		181D358E22CA1FE600D9411E /* ViewController.swift in Sources */ = {isa = PBXBuildFile; fileRef = 181D358D22CA1FE600D9411E /* ViewController.swift */; };
		181D359122CA1FE600D9411E /* Main.storyboard in Resources */ = {isa = PBXBuildFile; fileRef = 181D358F22CA1FE600D9411E /* Main.storyboard */; };
		181D359322CA1FE700D9411E /* Assets.xcassets in Resources */ = {isa = PBXBuildFile; fileRef = 181D359222CA1FE700D9411E /* Assets.xcassets */; };
		181D359622CA1FE700D9411E /* LaunchScreen.storyboard in Resources */ = {isa = PBXBuildFile; fileRef = 181D359422CA1FE700D9411E /* LaunchScreen.storyboard */; };
		181D359F22CA208D00D9411E /* LeoInAppPurchase.swift in Sources */ = {isa = PBXBuildFile; fileRef = 181D359E22CA208D00D9411E /* LeoInAppPurchase.swift */; };
		181D35A222CA230E00D9411E /* StoreKit.framework in Frameworks */ = {isa = PBXBuildFile; fileRef = 181D35A122CA230E00D9411E /* StoreKit.framework */; };
		18559D0A22CC8803006F8D9D /* Screenshot 2019-07-03 at 12.18.16 PM.png in Resources */ = {isa = PBXBuildFile; fileRef = 18559D0922CC8803006F8D9D /* Screenshot 2019-07-03 at 12.18.16 PM.png */; };
		18559D0C22CCCD6E006F8D9D /* READMEDoc.md in Resources */ = {isa = PBXBuildFile; fileRef = 18559D0B22CCCD6E006F8D9D /* READMEDoc.md */; };
/* End PBXBuildFile section */

/* Begin PBXFileReference section */
		1819CC7622CA31AC00FB6F59 /* Docs.rtf */ = {isa = PBXFileReference; lastKnownFileType = text.rtf; path = Docs.rtf; sourceTree = "<group>"; };
		181D358822CA1FE600D9411E /* ThInAppPurchase.app */ = {isa = PBXFileReference; explicitFileType = wrapper.application; includeInIndex = 0; path = ThInAppPurchase.app; sourceTree = BUILT_PRODUCTS_DIR; };
		181D358B22CA1FE600D9411E /* AppDelegate.swift */ = {isa = PBXFileReference; lastKnownFileType = sourcecode.swift; path = AppDelegate.swift; sourceTree = "<group>"; };
		181D358D22CA1FE600D9411E /* ViewController.swift */ = {isa = PBXFileReference; lastKnownFileType = sourcecode.swift; path = ViewController.swift; sourceTree = "<group>"; };
		181D359022CA1FE600D9411E /* Base */ = {isa = PBXFileReference; lastKnownFileType = file.storyboard; name = Base; path = Base.lproj/Main.storyboard; sourceTree = "<group>"; };
		181D359222CA1FE700D9411E /* Assets.xcassets */ = {isa = PBXFileReference; lastKnownFileType = folder.assetcatalog; path = Assets.xcassets; sourceTree = "<group>"; };
		181D359522CA1FE700D9411E /* Base */ = {isa = PBXFileReference; lastKnownFileType = file.storyboard; name = Base; path = Base.lproj/LaunchScreen.storyboard; sourceTree = "<group>"; };
		181D359722CA1FE700D9411E /* Info.plist */ = {isa = PBXFileReference; lastKnownFileType = text.plist.xml; path = Info.plist; sourceTree = "<group>"; };
		181D359D22CA1FFF00D9411E /* ThInAppPurchase.entitlements */ = {isa = PBXFileReference; lastKnownFileType = text.plist.entitlements; path = ThInAppPurchase.entitlements; sourceTree = "<group>"; };
		181D359E22CA208D00D9411E /* LeoInAppPurchase.swift */ = {isa = PBXFileReference; lastKnownFileType = sourcecode.swift; path = LeoInAppPurchase.swift; sourceTree = "<group>"; };
		181D35A122CA230E00D9411E /* StoreKit.framework */ = {isa = PBXFileReference; lastKnownFileType = wrapper.framework; name = StoreKit.framework; path = System/Library/Frameworks/StoreKit.framework; sourceTree = SDKROOT; };
		18559D0922CC8803006F8D9D /* Screenshot 2019-07-03 at 12.18.16 PM.png */ = {isa = PBXFileReference; lastKnownFileType = image.png; path = "Screenshot 2019-07-03 at 12.18.16 PM.png"; sourceTree = "<group>"; };
		18559D0B22CCCD6E006F8D9D /* READMEDoc.md */ = {isa = PBXFileReference; lastKnownFileType = net.daringfireball.markdown; path = READMEDoc.md; sourceTree = "<group>"; };
/* End PBXFileReference section */

/* Begin PBXFrameworksBuildPhase section */
		181D358522CA1FE600D9411E /* Frameworks */ = {
			isa = PBXFrameworksBuildPhase;
			buildActionMask = 2147483647;
			files = (
				181D35A222CA230E00D9411E /* StoreKit.framework in Frameworks */,
			);
			runOnlyForDeploymentPostprocessing = 0;
		};
/* End PBXFrameworksBuildPhase section */

/* Begin PBXGroup section */
		181D357F22CA1FE600D9411E = {
			isa = PBXGroup;
			children = (
				181D358A22CA1FE600D9411E /* ThInAppPurchase */,
				181D358922CA1FE600D9411E /* Products */,
				181D35A022CA230E00D9411E /* Frameworks */,
			);
			sourceTree = "<group>";
		};
		181D358922CA1FE600D9411E /* Products */ = {
			isa = PBXGroup;
			children = (
				181D358822CA1FE600D9411E /* ThInAppPurchase.app */,
			);
			name = Products;
			sourceTree = "<group>";
		};
		181D358A22CA1FE600D9411E /* ThInAppPurchase */ = {
			isa = PBXGroup;
			children = (
				181D359D22CA1FFF00D9411E /* ThInAppPurchase.entitlements */,
				181D358B22CA1FE600D9411E /* AppDelegate.swift */,
				181D358D22CA1FE600D9411E /* ViewController.swift */,
				18559D0B22CCCD6E006F8D9D /* READMEDoc.md */,
				18559D0922CC8803006F8D9D /* Screenshot 2019-07-03 at 12.18.16 PM.png */,
				1819CC7622CA31AC00FB6F59 /* Docs.rtf */,
				181D359E22CA208D00D9411E /* LeoInAppPurchase.swift */,
				181D358F22CA1FE600D9411E /* Main.storyboard */,
				181D359222CA1FE700D9411E /* Assets.xcassets */,
				181D359422CA1FE700D9411E /* LaunchScreen.storyboard */,
				181D359722CA1FE700D9411E /* Info.plist */,
			);
			path = ThInAppPurchase;
			sourceTree = "<group>";
		};
		181D35A022CA230E00D9411E /* Frameworks */ = {
			isa = PBXGroup;
			children = (
				181D35A122CA230E00D9411E /* StoreKit.framework */,
			);
			name = Frameworks;
			sourceTree = "<group>";
		};
/* End PBXGroup section */

/* Begin PBXNativeTarget section */
		181D358722CA1FE600D9411E /* ThInAppPurchase */ = {
			isa = PBXNativeTarget;
			buildConfigurationList = 181D359A22CA1FE700D9411E /* Build configuration list for PBXNativeTarget "ThInAppPurchase" */;
			buildPhases = (
				181D358422CA1FE600D9411E /* Sources */,
				181D358522CA1FE600D9411E /* Frameworks */,
				181D358622CA1FE600D9411E /* Resources */,
			);
			buildRules = (
			);
			dependencies = (
			);
			name = ThInAppPurchase;
			productName = ThInAppPurchase;
			productReference = 181D358822CA1FE600D9411E /* ThInAppPurchase.app */;
			productType = "com.apple.product-type.application";
		};
/* End PBXNativeTarget section */

/* Begin PBXProject section */
		181D358022CA1FE600D9411E /* Project object */ = {
			isa = PBXProject;
			attributes = {
				LastSwiftUpdateCheck = 1020;
				LastUpgradeCheck = 1020;
				ORGANIZATIONNAME = "vijayvir Singh";
				TargetAttributes = {
					181D358722CA1FE600D9411E = {
						CreatedOnToolsVersion = 10.2;
						SystemCapabilities = {
							com.apple.ApplePay = {
								enabled = 0;
							};
							com.apple.InAppPurchase = {
								enabled = 1;
							};
						};
					};
				};
			};
			buildConfigurationList = 181D358322CA1FE600D9411E /* Build configuration list for PBXProject "ThInAppPurchase" */;
			compatibilityVersion = "Xcode 9.3";
			developmentRegion = en;
			hasScannedForEncodings = 0;
			knownRegions = (
				en,
				Base,
			);
			mainGroup = 181D357F22CA1FE600D9411E;
			productRefGroup = 181D358922CA1FE600D9411E /* Products */;
			projectDirPath = "";
			projectRoot = "";
			targets = (
				181D358722CA1FE600D9411E /* ThInAppPurchase */,
			);
		};
/* End PBXProject section */

/* Begin PBXResourcesBuildPhase section */
		181D358622CA1FE600D9411E /* Resources */ = {
			isa = PBXResourcesBuildPhase;
			buildActionMask = 2147483647;
			files = (
				181D359622CA1FE700D9411E /* LaunchScreen.storyboard in Resources */,
				18559D0C22CCCD6E006F8D9D /* READMEDoc.md in Resources */,
				18559D0A22CC8803006F8D9D /* Screenshot 2019-07-03 at 12.18.16 PM.png in Resources */,
				181D359322CA1FE700D9411E /* Assets.xcassets in Resources */,
				181D359122CA1FE600D9411E /* Main.storyboard in Resources */,
				1819CC7722CA31AC00FB6F59 /* Docs.rtf in Resources */,
			);
			runOnlyForDeploymentPostprocessing = 0;
		};
/* End PBXResourcesBuildPhase section */

/* Begin PBXSourcesBuildPhase section */
		181D358422CA1FE600D9411E /* Sources */ = {
			isa = PBXSourcesBuildPhase;
			buildActionMask = 2147483647;
			files = (
				181D358E22CA1FE600D9411E /* ViewController.swift in Sources */,
				181D359F22CA208D00D9411E /* LeoInAppPurchase.swift in Sources */,
				181D358C22CA1FE600D9411E /* AppDelegate.swift in Sources */,
			);
			runOnlyForDeploymentPostprocessing = 0;
		};
/* End PBXSourcesBuildPhase section */

/* Begin PBXVariantGroup section */
		181D358F22CA1FE600D9411E /* Main.storyboard */ = {
			isa = PBXVariantGroup;
			children = (
				181D359022CA1FE600D9411E /* Base */,
			);
			name = Main.storyboard;
			sourceTree = "<group>";
		};
		181D359422CA1FE700D9411E /* LaunchScreen.storyboard */ = {
			isa = PBXVariantGroup;
			children = (
				181D359522CA1FE700D9411E /* Base */,
			);
			name = LaunchScreen.storyboard;
			sourceTree = "<group>";
		};
/* End PBXVariantGroup section */

/* Begin XCBuildConfiguration section */
		181D359822CA1FE700D9411E /* Debug */ = {
			isa = XCBuildConfiguration;
			buildSettings = {
				ALWAYS_SEARCH_USER_PATHS = NO;
				CLANG_ANALYZER_NONNULL = YES;
				CLANG_ANALYZER_NUMBER_OBJECT_CONVERSION = YES_AGGRESSIVE;
				CLANG_CXX_LANGUAGE_STANDARD = "gnu++14";
				CLANG_CXX_LIBRARY = "libc++";
				CLANG_ENABLE_MODULES = YES;
				CLANG_ENABLE_OBJC_ARC = YES;
				CLANG_ENABLE_OBJC_WEAK = YES;
				CLANG_WARN_BLOCK_CAPTURE_AUTORELEASING = YES;
				CLANG_WARN_BOOL_CONVERSION = YES;
				CLANG_WARN_COMMA = YES;
				CLANG_WARN_CONSTANT_CONVERSION = YES;
				CLANG_WARN_DEPRECATED_OBJC_IMPLEMENTATIONS = YES;
				CLANG_WARN_DIRECT_OBJC_ISA_USAGE = YES_ERROR;
				CLANG_WARN_DOCUMENTATION_COMMENTS = YES;
				CLANG_WARN_EMPTY_BODY = YES;
				CLANG_WARN_ENUM_CONVERSION = YES;
				CLANG_WARN_INFINITE_RECURSION = YES;
				CLANG_WARN_INT_CONVERSION = YES;
				CLANG_WARN_NON_LITERAL_NULL_CONVERSION = YES;
				CLANG_WARN_OBJC_IMPLICIT_RETAIN_SELF = YES;
				CLANG_WARN_OBJC_LITERAL_CONVERSION = YES;
				CLANG_WARN_OBJC_ROOT_CLASS = YES_ERROR;
				CLANG_WARN_RANGE_LOOP_ANALYSIS = YES;
				CLANG_WARN_STRICT_PROTOTYPES = YES;
				CLANG_WARN_SUSPICIOUS_MOVE = YES;
				CLANG_WARN_UNGUARDED_AVAILABILITY = YES_AGGRESSIVE;
				CLANG_WARN_UNREACHABLE_CODE = YES;
				CLANG_WARN__DUPLICATE_METHOD_MATCH = YES;
				CODE_SIGN_IDENTITY = "iPhone Developer";
				COPY_PHASE_STRIP = NO;
				DEBUG_INFORMATION_FORMAT = dwarf;
				ENABLE_STRICT_OBJC_MSGSEND = YES;
				ENABLE_TESTABILITY = YES;
				GCC_C_LANGUAGE_STANDARD = gnu11;
				GCC_DYNAMIC_NO_PIC = NO;
				GCC_NO_COMMON_BLOCKS = YES;
				GCC_OPTIMIZATION_LEVEL = 0;
				GCC_PREPROCESSOR_DEFINITIONS = (
					"DEBUG=1",
					"$(inherited)",
				);
				GCC_WARN_64_TO_32_BIT_CONVERSION = YES;
				GCC_WARN_ABOUT_RETURN_TYPE = YES_ERROR;
				GCC_WARN_UNDECLARED_SELECTOR = YES;
				GCC_WARN_UNINITIALIZED_AUTOS = YES_AGGRESSIVE;
				GCC_WARN_UNUSED_FUNCTION = YES;
				GCC_WARN_UNUSED_VARIABLE = YES;
				IPHONEOS_DEPLOYMENT_TARGET = 12.2;
				MTL_ENABLE_DEBUG_INFO = INCLUDE_SOURCE;
				MTL_FAST_MATH = YES;
				ONLY_ACTIVE_ARCH = YES;
				SDKROOT = iphoneos;
				SWIFT_ACTIVE_COMPILATION_CONDITIONS = DEBUG;
				SWIFT_OPTIMIZATION_LEVEL = "-Onone";
			};
			name = Debug;
		};
		181D359922CA1FE700D9411E /* Release */ = {
			isa = XCBuildConfiguration;
			buildSettings = {
				ALWAYS_SEARCH_USER_PATHS = NO;
				CLANG_ANALYZER_NONNULL = YES;
				CLANG_ANALYZER_NUMBER_OBJECT_CONVERSION = YES_AGGRESSIVE;
				CLANG_CXX_LANGUAGE_STANDARD = "gnu++14";
				CLANG_CXX_LIBRARY = "libc++";
				CLANG_ENABLE_MODULES = YES;
				CLANG_ENABLE_OBJC_ARC = YES;
				CLANG_ENABLE_OBJC_WEAK = YES;
				CLANG_WARN_BLOCK_CAPTURE_AUTORELEASING = YES;
				CLANG_WARN_BOOL_CONVERSION = YES;
				CLANG_WARN_COMMA = YES;
				CLANG_WARN_CONSTANT_CONVERSION = YES;
				CLANG_WARN_DEPRECATED_OBJC_IMPLEMENTATIONS = YES;
				CLANG_WARN_DIRECT_OBJC_ISA_USAGE = YES_ERROR;
				CLANG_WARN_DOCUMENTATION_COMMENTS = YES;
				CLANG_WARN_EMPTY_BODY = YES;
				CLANG_WARN_ENUM_CONVERSION = YES;
				CLANG_WARN_INFINITE_RECURSION = YES;
				CLANG_WARN_INT_CONVERSION = YES;
				CLANG_WARN_NON_LITERAL_NULL_CONVERSION = YES;
				CLANG_WARN_OBJC_IMPLICIT_RETAIN_SELF = YES;
				CLANG_WARN_OBJC_LITERAL_CONVERSION = YES;
				CLANG_WARN_OBJC_ROOT_CLASS = YES_ERROR;
				CLANG_WARN_RANGE_LOOP_ANALYSIS = YES;
				CLANG_WARN_STRICT_PROTOTYPES = YES;
				CLANG_WARN_SUSPICIOUS_MOVE = YES;
				CLANG_WARN_UNGUARDED_AVAILABILITY = YES_AGGRESSIVE;
				CLANG_WARN_UNREACHABLE_CODE = YES;
				CLANG_WARN__DUPLICATE_METHOD_MATCH = YES;
				CODE_SIGN_IDENTITY = "iPhone Developer";
				COPY_PHASE_STRIP = NO;
				DEBUG_INFORMATION_FORMAT = "dwarf-with-dsym";
				ENABLE_NS_ASSERTIONS = NO;
				ENABLE_STRICT_OBJC_MSGSEND = YES;
				GCC_C_LANGUAGE_STANDARD = gnu11;
				GCC_NO_COMMON_BLOCKS = YES;
				GCC_WARN_64_TO_32_BIT_CONVERSION = YES;
				GCC_WARN_ABOUT_RETURN_TYPE = YES_ERROR;
				GCC_WARN_UNDECLARED_SELECTOR = YES;
				GCC_WARN_UNINITIALIZED_AUTOS = YES_AGGRESSIVE;
				GCC_WARN_UNUSED_FUNCTION = YES;
				GCC_WARN_UNUSED_VARIABLE = YES;
				IPHONEOS_DEPLOYMENT_TARGET = 12.2;
				MTL_ENABLE_DEBUG_INFO = NO;
				MTL_FAST_MATH = YES;
				SDKROOT = iphoneos;
				SWIFT_COMPILATION_MODE = wholemodule;
				SWIFT_OPTIMIZATION_LEVEL = "-O";
				VALIDATE_PRODUCT = YES;
			};
			name = Release;
		};
		181D359B22CA1FE700D9411E /* Debug */ = {
			isa = XCBuildConfiguration;
			buildSettings = {
				ASSETCATALOG_COMPILER_APPICON_NAME = AppIcon;
				CODE_SIGN_STYLE = Automatic;
				DEVELOPMENT_TEAM = D7N9CPQ75A;
				INFOPLIST_FILE = ThInAppPurchase/Info.plist;
				IPHONEOS_DEPLOYMENT_TARGET = 11.4;
				LD_RUNPATH_SEARCH_PATHS = (
					"$(inherited)",
					"@executable_path/Frameworks",
				);
				PRODUCT_BUNDLE_IDENTIFIER = com.realFans;
				PRODUCT_NAME = "$(TARGET_NAME)";
				SWIFT_VERSION = 5.0;
				TARGETED_DEVICE_FAMILY = "1,2";
			};
			name = Debug;
		};
		181D359C22CA1FE700D9411E /* Release */ = {
			isa = XCBuildConfiguration;
			buildSettings = {
				ASSETCATALOG_COMPILER_APPICON_NAME = AppIcon;
				CODE_SIGN_STYLE = Automatic;
				DEVELOPMENT_TEAM = D7N9CPQ75A;
				INFOPLIST_FILE = ThInAppPurchase/Info.plist;
				IPHONEOS_DEPLOYMENT_TARGET = 11.4;
				LD_RUNPATH_SEARCH_PATHS = (
					"$(inherited)",
					"@executable_path/Frameworks",
				);
				PRODUCT_BUNDLE_IDENTIFIER = com.realFans;
				PRODUCT_NAME = "$(TARGET_NAME)";
				SWIFT_VERSION = 5.0;
				TARGETED_DEVICE_FAMILY = "1,2";
			};
			name = Release;
		};
/* End XCBuildConfiguration section */

/* Begin XCConfigurationList section */
		181D358322CA1FE600D9411E /* Build configuration list for PBXProject "ThInAppPurchase" */ = {
			isa = XCConfigurationList;
			buildConfigurations = (
				181D359822CA1FE700D9411E /* Debug */,
				181D359922CA1FE700D9411E /* Release */,
			);
			defaultConfigurationIsVisible = 0;
			defaultConfigurationName = Release;
		};
		181D359A22CA1FE700D9411E /* Build configuration list for PBXNativeTarget "ThInAppPurchase" */ = {
			isa = XCConfigurationList;
			buildConfigurations = (
				181D359B22CA1FE700D9411E /* Debug */,
				181D359C22CA1FE700D9411E /* Release */,
			);
			defaultConfigurationIsVisible = 0;
			defaultConfigurationName = Release;
		};
/* End XCConfigurationList section */
	};
	rootObject = 181D358022CA1FE600D9411E /* Project object */;
}
